
Microsoft Visual Studio Solution File, Format Version 12.00
# Visual Studio Version 17
VisualStudioVersion = 17.0.31903.59
MinimumVisualStudioVersion = 10.0.40219.1
Project("{2150E333-8FDC-42A3-9474-1A3956D46DE8}") = "src", "src", "{9221BDCF-18BB-46B2-9711-3C2304AB43DA}"
EndProject
Project("{FAE04EC0-301F-11D3-BF4B-00C04F79EFBC}") = "App.Api", "src\App.Api\App.Api.csproj", "{8CC6A29E-8C52-4B8D-A576-84A257522872}"
EndProject
Project("{FAE04EC0-301F-11D3-BF4B-00C04F79EFBC}") = "App.Application", "src\App.Application\App.Application.csproj", "{B06C6975-B0C6-45B4-959B-A6EA6CAAA15A}"
EndProject
Project("{FAE04EC0-301F-11D3-BF4B-00C04F79EFBC}") = "App.Domain", "src\App.Domain\App.Domain.csproj", "{218E1FBE-3D03-4028-8D57-B6B19020A466}"
EndProject
Project("{FAE04EC0-301F-11D3-BF4B-00C04F79EFBC}") = "App.Infrastructure", "src\App.Infrastructure\App.Infrastructure.csproj", "{4CB17B19-743A-4882-A60E-767CC36F62C8}"
EndProject
Global
	GlobalSection(SolutionConfigurationPlatforms) = preSolution
		Debug|Any CPU = Debug|Any CPU
		Release|Any CPU = Release|Any CPU
	EndGlobalSection
	GlobalSection(SolutionProperties) = preSolution
		HideSolutionNode = FALSE
	EndGlobalSection
	GlobalSection(ProjectConfigurationPlatforms) = postSolution
		{8CC6A29E-8C52-4B8D-A576-84A257522872}.Debug|Any CPU.ActiveCfg = Debug|Any CPU
		{8CC6A29E-8C52-4B8D-A576-84A257522872}.Debug|Any CPU.Build.0 = Debug|Any CPU
		{8CC6A29E-8C52-4B8D-A576-84A257522872}.Release|Any CPU.ActiveCfg = Release|Any CPU
		{8CC6A29E-8C52-4B8D-A576-84A257522872}.Release|Any CPU.Build.0 = Release|Any CPU
		{B06C6975-B0C6-45B4-959B-A6EA6CAAA15A}.Debug|Any CPU.ActiveCfg = Debug|Any CPU
		{B06C6975-B0C6-45B4-959B-A6EA6CAAA15A}.Debug|Any CPU.Build.0 = Debug|Any CPU
		{B06C6975-B0C6-45B4-959B-A6EA6CAAA15A}.Release|Any CPU.ActiveCfg = Release|Any CPU
		{B06C6975-B0C6-45B4-959B-A6EA6CAAA15A}.Release|Any CPU.Build.0 = Release|Any CPU
		{218E1FBE-3D03-4028-8D57-B6B19020A466}.Debug|Any CPU.ActiveCfg = Debug|Any CPU
		{218E1FBE-3D03-4028-8D57-B6B19020A466}.Debug|Any CPU.Build.0 = Debug|Any CPU
		{218E1FBE-3D03-4028-8D57-B6B19020A466}.Release|Any CPU.ActiveCfg = Release|Any CPU
		{218E1FBE-3D03-4028-8D57-B6B19020A466}.Release|Any CPU.Build.0 = Release|Any CPU
		{4CB17B19-743A-4882-A60E-767CC36F62C8}.Debug|Any CPU.ActiveCfg = Debug|Any CPU
		{4CB17B19-743A-4882-A60E-767CC36F62C8}.Debug|Any CPU.Build.0 = Debug|Any CPU
		{4CB17B19-743A-4882-A60E-767CC36F62C8}.Release|Any CPU.ActiveCfg = Release|Any CPU
		{4CB17B19-743A-4882-A60E-767CC36F62C8}.Release|Any CPU.Build.0 = Release|Any CPU
	EndGlobalSection
	GlobalSection(NestedProjects) = preSolution
		{8CC6A29E-8C52-4B8D-A576-84A257522872} = {9221BDCF-18BB-46B2-9711-3C2304AB43DA}
		{B06C6975-B0C6-45B4-959B-A6EA6CAAA15A} = {9221BDCF-18BB-46B2-9711-3C2304AB43DA}
		{218E1FBE-3D03-4028-8D57-B6B19020A466} = {9221BDCF-18BB-46B2-9711-3C2304AB43DA}
		{4CB17B19-743A-4882-A60E-767CC36F62C8} = {9221BDCF-18BB-46B2-9711-3C2304AB43DA}
	EndGlobalSection
EndGlobal
